
Microsoft Visual Studio Solution File, Format Version 12.00
# Visual Studio 15
VisualStudioVersion = 15.0.28307.329
MinimumVisualStudioVersion = 10.0.40219.1
Project("{FAE04EC0-301F-11D3-BF4B-00C04F79EFBC}") = "MessageBoard", "MessageBoard\MessageBoard.csproj", "{17384F3C-0742-4E76-B015-8819BC290FBA}"
EndProject
Project("{FAE04EC0-301F-11D3-BF4B-00C04F79EFBC}") = "MessageBoard.Core", "MessageBoard.Core\MessageBoard.Core.csproj", "{DA9154FD-7842-421C-B2CC-64F736B7E638}"
EndProject
Project("{FAE04EC0-301F-11D3-BF4B-00C04F79EFBC}") = "MessageBoard.Data", "MessageBoard.Data\MessageBoard.Data.csproj", "{BB883D74-0CD2-48C5-9337-FBDBC7FCD0D1}"
EndProject
Global
	GlobalSection(SolutionConfigurationPlatforms) = preSolution
		Debug|Any CPU = Debug|Any CPU
		Release|Any CPU = Release|Any CPU
	EndGlobalSection
	GlobalSection(ProjectConfigurationPlatforms) = postSolution
		{17384F3C-0742-4E76-B015-8819BC290FBA}.Debug|Any CPU.ActiveCfg = Debug|Any CPU
		{17384F3C-0742-4E76-B015-8819BC290FBA}.Debug|Any CPU.Build.0 = Debug|Any CPU
		{17384F3C-0742-4E76-B015-8819BC290FBA}.Release|Any CPU.ActiveCfg = Release|Any CPU
		{17384F3C-0742-4E76-B015-8819BC290FBA}.Release|Any CPU.Build.0 = Release|Any CPU
		{DA9154FD-7842-421C-B2CC-64F736B7E638}.Debug|Any CPU.ActiveCfg = Debug|Any CPU
		{DA9154FD-7842-421C-B2CC-64F736B7E638}.Debug|Any CPU.Build.0 = Debug|Any CPU
		{DA9154FD-7842-421C-B2CC-64F736B7E638}.Release|Any CPU.ActiveCfg = Release|Any CPU
		{DA9154FD-7842-421C-B2CC-64F736B7E638}.Release|Any CPU.Build.0 = Release|Any CPU
		{BB883D74-0CD2-48C5-9337-FBDBC7FCD0D1}.Debug|Any CPU.ActiveCfg = Debug|Any CPU
		{BB883D74-0CD2-48C5-9337-FBDBC7FCD0D1}.Debug|Any CPU.Build.0 = Debug|Any CPU
		{BB883D74-0CD2-48C5-9337-FBDBC7FCD0D1}.Release|Any CPU.ActiveCfg = Release|Any CPU
		{BB883D74-0CD2-48C5-9337-FBDBC7FCD0D1}.Release|Any CPU.Build.0 = Release|Any CPU
	EndGlobalSection
	GlobalSection(SolutionProperties) = preSolution
		HideSolutionNode = FALSE
	EndGlobalSection
	GlobalSection(ExtensibilityGlobals) = postSolution
		SolutionGuid = {CCD1F308-BF0A-434A-8477-21498BE40F2F}
	EndGlobalSection
EndGlobal
